
Microsoft Visual Studio Solution File, Format Version 12.00
# Visual Studio Version 17
VisualStudioVersion = 17.0.31903.59
MinimumVisualStudioVersion = 10.0.40219.1
Project("{FAE04EC0-301F-11D3-BF4B-00C04F79EFBC}") = "DemoApp", "DemoApp\DemoApp.csproj", "{030B44A0-3EA6-4357-A449-5CFFACFFBB0A}"
EndProject
Project("{FAE04EC0-301F-11D3-BF4B-00C04F79EFBC}") = "DemoLib", "DemoLib\DemoLib.csproj", "{7782D4C0-0D16-49B4-940E-4E89788A9306}"
EndProject
Global
	GlobalSection(SolutionConfigurationPlatforms) = preSolution
		Debug|Any CPU = Debug|Any CPU
		Release|Any CPU = Release|Any CPU
	EndGlobalSection
	GlobalSection(SolutionProperties) = preSolution
		HideSolutionNode = FALSE
	EndGlobalSection
	GlobalSection(ProjectConfigurationPlatforms) = postSolution
		{030B44A0-3EA6-4357-A449-5CFFACFFBB0A}.Debug|Any CPU.ActiveCfg = Debug|Any CPU
		{030B44A0-3EA6-4357-A449-5CFFACFFBB0A}.Debug|Any CPU.Build.0 = Debug|Any CPU
		{030B44A0-3EA6-4357-A449-5CFFACFFBB0A}.Release|Any CPU.ActiveCfg = Release|Any CPU
		{030B44A0-3EA6-4357-A449-5CFFACFFBB0A}.Release|Any CPU.Build.0 = Release|Any CPU
		{7782D4C0-0D16-49B4-940E-4E89788A9306}.Debug|Any CPU.ActiveCfg = Debug|Any CPU
		{7782D4C0-0D16-49B4-940E-4E89788A9306}.Debug|Any CPU.Build.0 = Debug|Any CPU
		{7782D4C0-0D16-49B4-940E-4E89788A9306}.Release|Any CPU.ActiveCfg = Release|Any CPU
		{7782D4C0-0D16-49B4-940E-4E89788A9306}.Release|Any CPU.Build.0 = Release|Any CPU
	EndGlobalSection
EndGlobal
